
Microsoft Visual Studio Solution File, Format Version 12.00
# Visual Studio Version 16
VisualStudioVersion = 16.0.31005.135
MinimumVisualStudioVersion = 10.0.40219.1
Project("{9A19103F-16F7-4668-BE54-9A1E7A4F7556}") = "ScrcpyNet.Test", "src\ScrcpyNet.Test\ScrcpyNet.Test.csproj", "{999CA3C6-BF00-4FC6-AB2E-9AB4A09F3406}"
EndProject
Project("{9A19103F-16F7-4668-BE54-9A1E7A4F7556}") = "ScrcpyNet", "src\ScrcpyNet\ScrcpyNet.csproj", "{202029C1-CEB9-4542-97BB-5C8C7DE09BC7}"
EndProject
Project("{9A19103F-16F7-4668-BE54-9A1E7A4F7556}") = "ScrcpyNet.Benchmark", "src\ScrcpyNet.Benchmark\ScrcpyNet.Benchmark.csproj", "{6EEF9E50-DC36-453D-983F-4C6191E4C497}"
EndProject
Project("{9A19103F-16F7-4668-BE54-9A1E7A4F7556}") = "ScrcpyNet.Avalonia", "src\ScrcpyNet.Avalonia\ScrcpyNet.Avalonia.csproj", "{890EC608-4421-40B6-AE80-32472A46850B}"
EndProject
Project("{9A19103F-16F7-4668-BE54-9A1E7A4F7556}") = "ScrcpyNet.Avalonia.Sample", "src\ScrcpyNet.Avalonia.Sample\ScrcpyNet.Avalonia.Sample.csproj", "{C377200A-CA4E-49F0-98AC-5496FEC258C1}"
EndProject
Global
	GlobalSection(SolutionConfigurationPlatforms) = preSolution
		Debug|Any CPU = Debug|Any CPU
		Release|Any CPU = Release|Any CPU
	EndGlobalSection
	GlobalSection(ProjectConfigurationPlatforms) = postSolution
		{999CA3C6-BF00-4FC6-AB2E-9AB4A09F3406}.Debug|Any CPU.ActiveCfg = Debug|Any CPU
		{999CA3C6-BF00-4FC6-AB2E-9AB4A09F3406}.Debug|Any CPU.Build.0 = Debug|Any CPU
		{999CA3C6-BF00-4FC6-AB2E-9AB4A09F3406}.Release|Any CPU.ActiveCfg = Release|Any CPU
		{999CA3C6-BF00-4FC6-AB2E-9AB4A09F3406}.Release|Any CPU.Build.0 = Release|Any CPU
		{202029C1-CEB9-4542-97BB-5C8C7DE09BC7}.Debug|Any CPU.ActiveCfg = Debug|Any CPU
		{202029C1-CEB9-4542-97BB-5C8C7DE09BC7}.Debug|Any CPU.Build.0 = Debug|Any CPU
		{202029C1-CEB9-4542-97BB-5C8C7DE09BC7}.Release|Any CPU.ActiveCfg = Release|Any CPU
		{202029C1-CEB9-4542-97BB-5C8C7DE09BC7}.Release|Any CPU.Build.0 = Release|Any CPU
		{6EEF9E50-DC36-453D-983F-4C6191E4C497}.Debug|Any CPU.ActiveCfg = Debug|Any CPU
		{6EEF9E50-DC36-453D-983F-4C6191E4C497}.Debug|Any CPU.Build.0 = Debug|Any CPU
		{6EEF9E50-DC36-453D-983F-4C6191E4C497}.Release|Any CPU.ActiveCfg = Release|Any CPU
		{6EEF9E50-DC36-453D-983F-4C6191E4C497}.Release|Any CPU.Build.0 = Release|Any CPU
		{890EC608-4421-40B6-AE80-32472A46850B}.Debug|Any CPU.ActiveCfg = Debug|Any CPU
		{890EC608-4421-40B6-AE80-32472A46850B}.Debug|Any CPU.Build.0 = Debug|Any CPU
		{890EC608-4421-40B6-AE80-32472A46850B}.Release|Any CPU.ActiveCfg = Release|Any CPU
		{890EC608-4421-40B6-AE80-32472A46850B}.Release|Any CPU.Build.0 = Release|Any CPU
		{C377200A-CA4E-49F0-98AC-5496FEC258C1}.Debug|Any CPU.ActiveCfg = Debug|Any CPU
		{C377200A-CA4E-49F0-98AC-5496FEC258C1}.Debug|Any CPU.Build.0 = Debug|Any CPU
		{C377200A-CA4E-49F0-98AC-5496FEC258C1}.Release|Any CPU.ActiveCfg = Release|Any CPU
		{C377200A-CA4E-49F0-98AC-5496FEC258C1}.Release|Any CPU.Build.0 = Release|Any CPU
	EndGlobalSection
	GlobalSection(SolutionProperties) = preSolution
		HideSolutionNode = FALSE
	EndGlobalSection
	GlobalSection(ExtensibilityGlobals) = postSolution
		SolutionGuid = {7BA90E56-0287-4055-9E3B-27AEA319FDA9}
	EndGlobalSection
EndGlobal
